{
  "object": {
    "pins": [
      {
        "package": "Get",
        "repositoryURL": "https://github.com/kean/Get",
        "state": {
          "branch": null,
          "revision": "b1137bf8315479cddc79fcb04d9db7bc8117e16f",
          "version": "0.8.0"
        }
      },
      {
        "package": "HTTPHeaders",
        "repositoryURL": "https://github.com/CreateAPI/HTTPHeaders",
        "state": {
          "branch": null,
          "revision": "96c4cb3fcb904c12891c9d65c902fbb691453562",
          "version": "0.1.1"
        }
      },
      {
        "package": "NaiveDate",
        "repositoryURL": "https://github.com/CreateAPI/NaiveDate",
        "state": {
          "branch": null,
          "revision": "08fad5d02e9117f6cea96096c5951e445aa710b1",
          "version": "1.0.0"
        }
      },
      {
        "package": "URLQueryEncoder",
        "repositoryURL": "https://github.com/CreateAPI/URLQueryEncoder",
        "state": {
          "branch": null,
          "revision": "4cc975d4d075d0e62699a796a08284e217d4ee93",
          "version": "0.2.0"
        }
      }
    ]
  },
  "version": 1
}
